
Microsoft Visual Studio Solution File, Format Version 11.00
# Visual Studio 2010
Project("{FAE04EC0-301F-11D3-BF4B-00C04F79EFBC}") = "TouchExample", "TouchExample\TouchExample.csproj", "{80E8D181-6A80-41E4-9B1E-5D37AB2238EE}"
EndProject
Global
	GlobalSection(SolutionConfigurationPlatforms) = preSolution
		Debug|Any CPU = Debug|Any CPU
		Release|Any CPU = Release|Any CPU
	EndGlobalSection
	GlobalSection(ProjectConfigurationPlatforms) = postSolution
		{80E8D181-6A80-41E4-9B1E-5D37AB2238EE}.Debug|Any CPU.ActiveCfg = Debug|Any CPU
		{80E8D181-6A80-41E4-9B1E-5D37AB2238EE}.Debug|Any CPU.Build.0 = Debug|Any CPU
		{80E8D181-6A80-41E4-9B1E-5D37AB2238EE}.Debug|Any CPU.Deploy.0 = Debug|Any CPU
		{80E8D181-6A80-41E4-9B1E-5D37AB2238EE}.Release|Any CPU.ActiveCfg = Release|Any CPU
		{80E8D181-6A80-41E4-9B1E-5D37AB2238EE}.Release|Any CPU.Build.0 = Release|Any CPU
		{80E8D181-6A80-41E4-9B1E-5D37AB2238EE}.Release|Any CPU.Deploy.0 = Release|Any CPU
	EndGlobalSection
	GlobalSection(SolutionProperties) = preSolution
		HideSolutionNode = FALSE
	EndGlobalSection
EndGlobal
